// !$*UTF8*$!
{
	archiveVersion = 1;
	classes = {
	};
	objectVersion = 77;
	objects = {

/* Begin PBXBuildFile section */
		DA8C78F32E33316B00BEB5CE /* WidgetKit.framework in Frameworks */ = {isa = PBXBuildFile; fileRef = DA8C78F22E33316B00BEB5CE /* WidgetKit.framework */; };
		DA8C78F52E33316B00BEB5CE /* SwiftUI.framework in Frameworks */ = {isa = PBXBuildFile; fileRef = DA8C78F42E33316B00BEB5CE /* SwiftUI.framework */; };
		DA8C79062E33316D00BEB5CE /* 7DAYS_LiveActivityExtension.appex in Embed Foundation Extensions */ = {isa = PBXBuildFile; fileRef = DA8C78F02E33316B00BEB5CE /* 7DAYS_LiveActivityExtension.appex */; settings = {ATTRIBUTES = (RemoveHeadersOnCopy, ); }; };
/* End PBXBuildFile section */

/* Begin PBXContainerItemProxy section */
		DA8C79042E33316D00BEB5CE /* PBXContainerItemProxy */ = {
			isa = PBXContainerItemProxy;
			containerPortal = DACDBB442E2D769300832F3A /* Project object */;
			proxyType = 1;
			remoteGlobalIDString = DA8C78EF2E33316B00BEB5CE;
			remoteInfo = 7DAYS_LiveActivityExtension;
		};
		DACDBB632E2D769400832F3A /* PBXContainerItemProxy */ = {
			isa = PBXContainerItemProxy;
			containerPortal = DACDBB442E2D769300832F3A /* Project object */;
			proxyType = 1;
			remoteGlobalIDString = DACDBB4B2E2D769300832F3A;
			remoteInfo = 7DYAS;
		};
		DACDBB6D2E2D769400832F3A /* PBXContainerItemProxy */ = {
			isa = PBXContainerItemProxy;
			containerPortal = DACDBB442E2D769300832F3A /* Project object */;
			proxyType = 1;
			remoteGlobalIDString = DACDBB4B2E2D769300832F3A;
			remoteInfo = 7DYAS;
		};
/* End PBXContainerItemProxy section */

/* Begin PBXCopyFilesBuildPhase section */
		DA8C79072E33316D00BEB5CE /* Embed Foundation Extensions */ = {
			isa = PBXCopyFilesBuildPhase;
			buildActionMask = 2147483647;
			dstPath = "";
			dstSubfolderSpec = 13;
			files = (
				DA8C79062E33316D00BEB5CE /* 7DAYS_LiveActivityExtension.appex in Embed Foundation Extensions */,
			);
			name = "Embed Foundation Extensions";
			runOnlyForDeploymentPostprocessing = 0;
		};
/* End PBXCopyFilesBuildPhase section */

/* Begin PBXFileReference section */
		DA8C78F02E33316B00BEB5CE /* 7DAYS_LiveActivityExtension.appex */ = {isa = PBXFileReference; explicitFileType = "wrapper.app-extension"; includeInIndex = 0; path = 7DAYS_LiveActivityExtension.appex; sourceTree = BUILT_PRODUCTS_DIR; };
		DA8C78F22E33316B00BEB5CE /* WidgetKit.framework */ = {isa = PBXFileReference; lastKnownFileType = wrapper.framework; name = WidgetKit.framework; path = System/Library/Frameworks/WidgetKit.framework; sourceTree = SDKROOT; };
		DA8C78F42E33316B00BEB5CE /* SwiftUI.framework */ = {isa = PBXFileReference; lastKnownFileType = wrapper.framework; name = SwiftUI.framework; path = System/Library/Frameworks/SwiftUI.framework; sourceTree = SDKROOT; };
		DACDBB4C2E2D769300832F3A /* 7DYAS.app */ = {isa = PBXFileReference; explicitFileType = wrapper.application; includeInIndex = 0; path = 7DYAS.app; sourceTree = BUILT_PRODUCTS_DIR; };
		DACDBB622E2D769400832F3A /* 7DYASTests.xctest */ = {isa = PBXFileReference; explicitFileType = wrapper.cfbundle; includeInIndex = 0; path = 7DYASTests.xctest; sourceTree = BUILT_PRODUCTS_DIR; };
		DACDBB6C2E2D769400832F3A /* 7DYASUITests.xctest */ = {isa = PBXFileReference; explicitFileType = wrapper.cfbundle; includeInIndex = 0; path = 7DYASUITests.xctest; sourceTree = BUILT_PRODUCTS_DIR; };
/* End PBXFileReference section */

/* Begin PBXFileSystemSynchronizedBuildFileExceptionSet section */
		DA8C790B2E33316D00BEB5CE /* Exceptions for "7DAYS_LiveActivity" folder in "7DAYS_LiveActivityExtension" target */ = {
			isa = PBXFileSystemSynchronizedBuildFileExceptionSet;
			membershipExceptions = (
				Info.plist,
			);
			target = DA8C78EF2E33316B00BEB5CE /* 7DAYS_LiveActivityExtension */;
		};
		DACDBB742E2D769400832F3A /* Exceptions for "7DYAS" folder in "7DYAS" target */ = {
			isa = PBXFileSystemSynchronizedBuildFileExceptionSet;
			membershipExceptions = (
				Info.plist,
			);
			target = DACDBB4B2E2D769300832F3A /* 7DYAS */;
		};
/* End PBXFileSystemSynchronizedBuildFileExceptionSet section */

/* Begin PBXFileSystemSynchronizedRootGroup section */
		DA8C78F62E33316B00BEB5CE /* 7DAYS_LiveActivity */ = {
			isa = PBXFileSystemSynchronizedRootGroup;
			exceptions = (
				DA8C790B2E33316D00BEB5CE /* Exceptions for "7DAYS_LiveActivity" folder in "7DAYS_LiveActivityExtension" target */,
			);
			path = 7DAYS_LiveActivity;
			sourceTree = "<group>";
		};
		DACDBB4E2E2D769300832F3A /* 7DYAS */ = {
			isa = PBXFileSystemSynchronizedRootGroup;
			exceptions = (
				DACDBB742E2D769400832F3A /* Exceptions for "7DYAS" folder in "7DYAS" target */,
			);
			path = 7DYAS;
			sourceTree = "<group>";
		};
		DACDBB652E2D769400832F3A /* 7DYASTests */ = {
			isa = PBXFileSystemSynchronizedRootGroup;
			path = 7DYASTests;
			sourceTree = "<group>";
		};
		DACDBB6F2E2D769400832F3A /* 7DYASUITests */ = {
			isa = PBXFileSystemSynchronizedRootGroup;
			path = 7DYASUITests;
			sourceTree = "<group>";
		};
/* End PBXFileSystemSynchronizedRootGroup section */

/* Begin PBXFrameworksBuildPhase section */
		DA8C78ED2E33316B00BEB5CE /* Frameworks */ = {
			isa = PBXFrameworksBuildPhase;
			buildActionMask = 2147483647;
			files = (
				DA8C78F52E33316B00BEB5CE /* SwiftUI.framework in Frameworks */,
				DA8C78F32E33316B00BEB5CE /* WidgetKit.framework in Frameworks */,
			);
			runOnlyForDeploymentPostprocessing = 0;
		};
		DACDBB492E2D769300832F3A /* Frameworks */ = {
			isa = PBXFrameworksBuildPhase;
			buildActionMask = 2147483647;
			files = (
			);
			runOnlyForDeploymentPostprocessing = 0;
		};
		DACDBB5F2E2D769400832F3A /* Frameworks */ = {
			isa = PBXFrameworksBuildPhase;
			buildActionMask = 2147483647;
			files = (
			);
			runOnlyForDeploymentPostprocessing = 0;
		};
		DACDBB692E2D769400832F3A /* Frameworks */ = {
			isa = PBXFrameworksBuildPhase;
			buildActionMask = 2147483647;
			files = (
			);
			runOnlyForDeploymentPostprocessing = 0;
		};
/* End PBXFrameworksBuildPhase section */

/* Begin PBXGroup section */
		DA8C78F12E33316B00BEB5CE /* Frameworks */ = {
			isa = PBXGroup;
			children = (
				DA8C78F22E33316B00BEB5CE /* WidgetKit.framework */,
				DA8C78F42E33316B00BEB5CE /* SwiftUI.framework */,
			);
			name = Frameworks;
			sourceTree = "<group>";
		};
		DACDBB432E2D769300832F3A = {
			isa = PBXGroup;
			children = (
				DACDBB4E2E2D769300832F3A /* 7DYAS */,
				DACDBB652E2D769400832F3A /* 7DYASTests */,
				DACDBB6F2E2D769400832F3A /* 7DYASUITests */,
				DA8C78F62E33316B00BEB5CE /* 7DAYS_LiveActivity */,
				DA8C78F12E33316B00BEB5CE /* Frameworks */,
				DACDBB4D2E2D769300832F3A /* Products */,
			);
			sourceTree = "<group>";
		};
		DACDBB4D2E2D769300832F3A /* Products */ = {
			isa = PBXGroup;
			children = (
				DACDBB4C2E2D769300832F3A /* 7DYAS.app */,
				DACDBB622E2D769400832F3A /* 7DYASTests.xctest */,
				DACDBB6C2E2D769400832F3A /* 7DYASUITests.xctest */,
				DA8C78F02E33316B00BEB5CE /* 7DAYS_LiveActivityExtension.appex */,
			);
			name = Products;
			sourceTree = "<group>";
		};
/* End PBXGroup section */

/* Begin PBXNativeTarget section */
		DA8C78EF2E33316B00BEB5CE /* 7DAYS_LiveActivityExtension */ = {
			isa = PBXNativeTarget;
			buildConfigurationList = DA8C790A2E33316D00BEB5CE /* Build configuration list for PBXNativeTarget "7DAYS_LiveActivityExtension" */;
			buildPhases = (
				DA8C78EC2E33316B00BEB5CE /* Sources */,
				DA8C78ED2E33316B00BEB5CE /* Frameworks */,
				DA8C78EE2E33316B00BEB5CE /* Resources */,
			);
			buildRules = (
			);
			dependencies = (
			);
			fileSystemSynchronizedGroups = (
				DA8C78F62E33316B00BEB5CE /* 7DAYS_LiveActivity */,
			);
			name = 7DAYS_LiveActivityExtension;
			packageProductDependencies = (
			);
			productName = 7DAYS_LiveActivityExtension;
			productReference = DA8C78F02E33316B00BEB5CE /* 7DAYS_LiveActivityExtension.appex */;
			productType = "com.apple.product-type.app-extension";
		};
		DACDBB4B2E2D769300832F3A /* 7DYAS */ = {
			isa = PBXNativeTarget;
			buildConfigurationList = DACDBB752E2D769400832F3A /* Build configuration list for PBXNativeTarget "7DYAS" */;
			buildPhases = (
				DACDBB482E2D769300832F3A /* Sources */,
				DACDBB492E2D769300832F3A /* Frameworks */,
				DACDBB4A2E2D769300832F3A /* Resources */,
				DA8C79072E33316D00BEB5CE /* Embed Foundation Extensions */,
			);
			buildRules = (
			);
			dependencies = (
				DA8C79052E33316D00BEB5CE /* PBXTargetDependency */,
			);
			fileSystemSynchronizedGroups = (
				DACDBB4E2E2D769300832F3A /* 7DYAS */,
			);
			name = 7DYAS;
			packageProductDependencies = (
			);
			productName = 7DYAS;
			productReference = DACDBB4C2E2D769300832F3A /* 7DYAS.app */;
			productType = "com.apple.product-type.application";
		};
		DACDBB612E2D769400832F3A /* 7DYASTests */ = {
			isa = PBXNativeTarget;
			buildConfigurationList = DACDBB7A2E2D769400832F3A /* Build configuration list for PBXNativeTarget "7DYASTests" */;
			buildPhases = (
				DACDBB5E2E2D769400832F3A /* Sources */,
				DACDBB5F2E2D769400832F3A /* Frameworks */,
				DACDBB602E2D769400832F3A /* Resources */,
			);
			buildRules = (
			);
			dependencies = (
				DACDBB642E2D769400832F3A /* PBXTargetDependency */,
			);
			fileSystemSynchronizedGroups = (
				DACDBB652E2D769400832F3A /* 7DYASTests */,
			);
			name = 7DYASTests;
			packageProductDependencies = (
			);
			productName = 7DYASTests;
			productReference = DACDBB622E2D769400832F3A /* 7DYASTests.xctest */;
			productType = "com.apple.product-type.bundle.unit-test";
		};
		DACDBB6B2E2D769400832F3A /* 7DYASUITests */ = {
			isa = PBXNativeTarget;
			buildConfigurationList = DACDBB7D2E2D769400832F3A /* Build configuration list for PBXNativeTarget "7DYASUITests" */;
			buildPhases = (
				DACDBB682E2D769400832F3A /* Sources */,
				DACDBB692E2D769400832F3A /* Frameworks */,
				DACDBB6A2E2D769400832F3A /* Resources */,
			);
			buildRules = (
			);
			dependencies = (
				DACDBB6E2E2D769400832F3A /* PBXTargetDependency */,
			);
			fileSystemSynchronizedGroups = (
				DACDBB6F2E2D769400832F3A /* 7DYASUITests */,
			);
			name = 7DYASUITests;
			packageProductDependencies = (
			);
			productName = 7DYASUITests;
			productReference = DACDBB6C2E2D769400832F3A /* 7DYASUITests.xctest */;
			productType = "com.apple.product-type.bundle.ui-testing";
		};
/* End PBXNativeTarget section */

/* Begin PBXProject section */
		DACDBB442E2D769300832F3A /* Project object */ = {
			isa = PBXProject;
			attributes = {
				BuildIndependentTargetsInParallel = 1;
				LastSwiftUpdateCheck = 1640;
				LastUpgradeCheck = 1640;
				TargetAttributes = {
					DA8C78EF2E33316B00BEB5CE = {
						CreatedOnToolsVersion = 16.4;
					};
					DACDBB4B2E2D769300832F3A = {
						CreatedOnToolsVersion = 16.4;
					};
					DACDBB612E2D769400832F3A = {
						CreatedOnToolsVersion = 16.4;
						TestTargetID = DACDBB4B2E2D769300832F3A;
					};
					DACDBB6B2E2D769400832F3A = {
						CreatedOnToolsVersion = 16.4;
						TestTargetID = DACDBB4B2E2D769300832F3A;
					};
				};
			};
			buildConfigurationList = DACDBB472E2D769300832F3A /* Build configuration list for PBXProject "7DYAS" */;
			developmentRegion = en;
			hasScannedForEncodings = 0;
			knownRegions = (
				en,
				Base,
			);
			mainGroup = DACDBB432E2D769300832F3A;
			minimizedProjectReferenceProxies = 1;
			preferredProjectObjectVersion = 77;
			productRefGroup = DACDBB4D2E2D769300832F3A /* Products */;
			projectDirPath = "";
			projectRoot = "";
			targets = (
				DACDBB4B2E2D769300832F3A /* 7DYAS */,
				DACDBB612E2D769400832F3A /* 7DYASTests */,
				DACDBB6B2E2D769400832F3A /* 7DYASUITests */,
				DA8C78EF2E33316B00BEB5CE /* 7DAYS_LiveActivityExtension */,
			);
		};
/* End PBXProject section */

/* Begin PBXResourcesBuildPhase section */
		DA8C78EE2E33316B00BEB5CE /* Resources */ = {
			isa = PBXResourcesBuildPhase;
			buildActionMask = 2147483647;
			files = (
			);
			runOnlyForDeploymentPostprocessing = 0;
		};
		DACDBB4A2E2D769300832F3A /* Resources */ = {
			isa = PBXResourcesBuildPhase;
			buildActionMask = 2147483647;
			files = (
			);
			runOnlyForDeploymentPostprocessing = 0;
		};
		DACDBB602E2D769400832F3A /* Resources */ = {
			isa = PBXResourcesBuildPhase;
			buildActionMask = 2147483647;
			files = (
			);
			runOnlyForDeploymentPostprocessing = 0;
		};
		DACDBB6A2E2D769400832F3A /* Resources */ = {
			isa = PBXResourcesBuildPhase;
			buildActionMask = 2147483647;
			files = (
			);
			runOnlyForDeploymentPostprocessing = 0;
		};
/* End PBXResourcesBuildPhase section */

/* Begin PBXSourcesBuildPhase section */
		DA8C78EC2E33316B00BEB5CE /* Sources */ = {
			isa = PBXSourcesBuildPhase;
			buildActionMask = 2147483647;
			files = (
			);
			runOnlyForDeploymentPostprocessing = 0;
		};
		DACDBB482E2D769300832F3A /* Sources */ = {
			isa = PBXSourcesBuildPhase;
			buildActionMask = 2147483647;
			files = (
			);
			runOnlyForDeploymentPostprocessing = 0;
		};
		DACDBB5E2E2D769400832F3A /* Sources */ = {
			isa = PBXSourcesBuildPhase;
			buildActionMask = 2147483647;
			files = (
			);
			runOnlyForDeploymentPostprocessing = 0;
		};
		DACDBB682E2D769400832F3A /* Sources */ = {
			isa = PBXSourcesBuildPhase;
			buildActionMask = 2147483647;
			files = (
			);
			runOnlyForDeploymentPostprocessing = 0;
		};
/* End PBXSourcesBuildPhase section */

/* Begin PBXTargetDependency section */
		DA8C79052E33316D00BEB5CE /* PBXTargetDependency */ = {
			isa = PBXTargetDependency;
			target = DA8C78EF2E33316B00BEB5CE /* 7DAYS_LiveActivityExtension */;
			targetProxy = DA8C79042E33316D00BEB5CE /* PBXContainerItemProxy */;
		};
		DACDBB642E2D769400832F3A /* PBXTargetDependency */ = {
			isa = PBXTargetDependency;
			target = DACDBB4B2E2D769300832F3A /* 7DYAS */;
			targetProxy = DACDBB632E2D769400832F3A /* PBXContainerItemProxy */;
		};
		DACDBB6E2E2D769400832F3A /* PBXTargetDependency */ = {
			isa = PBXTargetDependency;
			target = DACDBB4B2E2D769300832F3A /* 7DYAS */;
			targetProxy = DACDBB6D2E2D769400832F3A /* PBXContainerItemProxy */;
		};
/* End PBXTargetDependency section */

/* Begin XCBuildConfiguration section */
		DA8C79082E33316D00BEB5CE /* Debug */ = {
			isa = XCBuildConfiguration;
			buildSettings = {
				ASSETCATALOG_COMPILER_GLOBAL_ACCENT_COLOR_NAME = AccentColor;
				ASSETCATALOG_COMPILER_WIDGET_BACKGROUND_COLOR_NAME = WidgetBackground;
				CODE_SIGN_STYLE = Automatic;
				CURRENT_PROJECT_VERSION = 1;
				DEVELOPMENT_TEAM = 9LW7Q8LM5Y;
				GENERATE_INFOPLIST_FILE = YES;
				INFOPLIST_FILE = 7DAYS_LiveActivity/Info.plist;
				INFOPLIST_KEY_CFBundleDisplayName = 7DAYS_LiveActivity;
				INFOPLIST_KEY_NSHumanReadableCopyright = "";
				LD_RUNPATH_SEARCH_PATHS = (
					"$(inherited)",
					"@executable_path/Frameworks",
					"@executable_path/../../Frameworks",
				);
				MARKETING_VERSION = 1.0;
				PRODUCT_BUNDLE_IDENTIFIER = "Mclarenlife.-DYAS.-DAYS-LiveActivity";
				PRODUCT_NAME = "$(TARGET_NAME)";
				SKIP_INSTALL = YES;
				SWIFT_EMIT_LOC_STRINGS = YES;
				SWIFT_VERSION = 5.0;
				TARGETED_DEVICE_FAMILY = "1,2";
			};
			name = Debug;
		};
		DA8C79092E33316D00BEB5CE /* Release */ = {
			isa = XCBuildConfiguration;
			buildSettings = {
				ASSETCATALOG_COMPILER_GLOBAL_ACCENT_COLOR_NAME = AccentColor;
				ASSETCATALOG_COMPILER_WIDGET_BACKGROUND_COLOR_NAME = WidgetBackground;
				CODE_SIGN_STYLE = Automatic;
				CURRENT_PROJECT_VERSION = 1;
				DEVELOPMENT_TEAM = 9LW7Q8LM5Y;
				GENERATE_INFOPLIST_FILE = YES;
				INFOPLIST_FILE = 7DAYS_LiveActivity/Info.plist;
				INFOPLIST_KEY_CFBundleDisplayName = 7DAYS_LiveActivity;
				INFOPLIST_KEY_NSHumanReadableCopyright = "";
				LD_RUNPATH_SEARCH_PATHS = (
					"$(inherited)",
					"@executable_path/Frameworks",
					"@executable_path/../../Frameworks",
				);
				MARKETING_VERSION = 1.0;
				PRODUCT_BUNDLE_IDENTIFIER = "Mclarenlife.-DYAS.-DAYS-LiveActivity";
				PRODUCT_NAME = "$(TARGET_NAME)";
				SKIP_INSTALL = YES;
				SWIFT_EMIT_LOC_STRINGS = YES;
				SWIFT_VERSION = 5.0;
				TARGETED_DEVICE_FAMILY = "1,2";
			};
			name = Release;
		};
		DACDBB762E2D769400832F3A /* Debug */ = {
			isa = XCBuildConfiguration;
			buildSettings = {
				ASSETCATALOG_COMPILER_APPICON_NAME = AppIcon;
				ASSETCATALOG_COMPILER_GLOBAL_ACCENT_COLOR_NAME = AccentColor;
				CODE_SIGN_STYLE = Automatic;
				CURRENT_PROJECT_VERSION = 1;
				DEVELOPMENT_TEAM = 9LW7Q8LM5Y;
				GENERATE_INFOPLIST_FILE = YES;
				INFOPLIST_FILE = 7DYAS/Info.plist;
				INFOPLIST_KEY_UIApplicationSupportsIndirectInputEvents = YES;
				INFOPLIST_KEY_UILaunchStoryboardName = LaunchScreen;
				INFOPLIST_KEY_UIMainStoryboardFile = Main;
				INFOPLIST_KEY_UIRequiredDeviceCapabilities = armv7;
				INFOPLIST_KEY_UISupportedInterfaceOrientations = "UIInterfaceOrientationPortrait UIInterfaceOrientationLandscapeLeft UIInterfaceOrientationLandscapeRight";
				INFOPLIST_KEY_UISupportedInterfaceOrientations_iPad = "UIInterfaceOrientationPortrait UIInterfaceOrientationPortraitUpsideDown UIInterfaceOrientationLandscapeLeft UIInterfaceOrientationLandscapeRight";
				INFOPLIST_KEY_UISupportedInterfaceOrientations_iPhone = "UIInterfaceOrientationPortrait UIInterfaceOrientationLandscapeLeft UIInterfaceOrientationLandscapeRight";
				IPHONEOS_DEPLOYMENT_TARGET = 16.6;
				LD_RUNPATH_SEARCH_PATHS = (
					"$(inherited)",
					"@executable_path/Frameworks",
				);
				MARKETING_VERSION = 1.0;
				PRODUCT_BUNDLE_IDENTIFIER = "Mclarenlife.-DYAS";
				PRODUCT_NAME = "$(TARGET_NAME)";
				SWIFT_EMIT_LOC_STRINGS = YES;
				SWIFT_VERSION = 5.0;
				TARGETED_DEVICE_FAMILY = "1,2";
			};
			name = Debug;
		};
		DACDBB772E2D769400832F3A /* Release */ = {
			isa = XCBuildConfiguration;
			buildSettings = {
				ASSETCATALOG_COMPILER_APPICON_NAME = AppIcon;
				ASSETCATALOG_COMPILER_GLOBAL_ACCENT_COLOR_NAME = AccentColor;
				CODE_SIGN_STYLE = Automatic;
				CURRENT_PROJECT_VERSION = 1;
				DEVELOPMENT_TEAM = 9LW7Q8LM5Y;
				GENERATE_INFOPLIST_FILE = YES;
				INFOPLIST_FILE = 7DYAS/Info.plist;
				INFOPLIST_KEY_UIApplicationSupportsIndirectInputEvents = YES;
				INFOPLIST_KEY_UILaunchStoryboardName = LaunchScreen;
				INFOPLIST_KEY_UIMainStoryboardFile = Main;
				INFOPLIST_KEY_UIRequiredDeviceCapabilities = armv7;
				INFOPLIST_KEY_UISupportedInterfaceOrientations = "UIInterfaceOrientationPortrait UIInterfaceOrientationLandscapeLeft UIInterfaceOrientationLandscapeRight";
				INFOPLIST_KEY_UISupportedInterfaceOrientations_iPad = "UIInterfaceOrientationPortrait UIInterfaceOrientationPortraitUpsideDown UIInterfaceOrientationLandscapeLeft UIInterfaceOrientationLandscapeRight";
				INFOPLIST_KEY_UISupportedInterfaceOrientations_iPhone = "UIInterfaceOrientationPortrait UIInterfaceOrientationLandscapeLeft UIInterfaceOrientationLandscapeRight";
				IPHONEOS_DEPLOYMENT_TARGET = 16.6;
				LD_RUNPATH_SEARCH_PATHS = (
					"$(inherited)",
					"@executable_path/Frameworks",
				);
				MARKETING_VERSION = 1.0;
				PRODUCT_BUNDLE_IDENTIFIER = "Mclarenlife.-DYAS";
				PRODUCT_NAME = "$(TARGET_NAME)";
				SWIFT_EMIT_LOC_STRINGS = YES;
				SWIFT_VERSION = 5.0;
				TARGETED_DEVICE_FAMILY = "1,2";
			};
			name = Release;
		};
		DACDBB782E2D769400832F3A /* Debug */ = {
			isa = XCBuildConfiguration;
			buildSettings = {
				ALWAYS_SEARCH_USER_PATHS = NO;
				ASSETCATALOG_COMPILER_GENERATE_SWIFT_ASSET_SYMBOL_EXTENSIONS = YES;
				CLANG_ANALYZER_NONNULL = YES;
				CLANG_ANALYZER_NUMBER_OBJECT_CONVERSION = YES_AGGRESSIVE;
				CLANG_CXX_LANGUAGE_STANDARD = "gnu++20";
				CLANG_ENABLE_MODULES = YES;
				CLANG_ENABLE_OBJC_ARC = YES;
				CLANG_ENABLE_OBJC_WEAK = YES;
				CLANG_WARN_BLOCK_CAPTURE_AUTORELEASING = YES;
				CLANG_WARN_BOOL_CONVERSION = YES;
				CLANG_WARN_COMMA = YES;
				CLANG_WARN_CONSTANT_CONVERSION = YES;
				CLANG_WARN_DEPRECATED_OBJC_IMPLEMENTATIONS = YES;
				CLANG_WARN_DIRECT_OBJC_ISA_USAGE = YES_ERROR;
				CLANG_WARN_DOCUMENTATION_COMMENTS = YES;
				CLANG_WARN_EMPTY_BODY = YES;
				CLANG_WARN_ENUM_CONVERSION = YES;
				CLANG_WARN_INFINITE_RECURSION = YES;
				CLANG_WARN_INT_CONVERSION = YES;
				CLANG_WARN_NON_LITERAL_NULL_CONVERSION = YES;
				CLANG_WARN_OBJC_IMPLICIT_RETAIN_SELF = YES;
				CLANG_WARN_OBJC_LITERAL_CONVERSION = YES;
				CLANG_WARN_OBJC_ROOT_CLASS = YES_ERROR;
				CLANG_WARN_QUOTED_INCLUDE_IN_FRAMEWORK_HEADER = YES;
				CLANG_WARN_RANGE_LOOP_ANALYSIS = YES;
				CLANG_WARN_STRICT_PROTOTYPES = YES;
				CLANG_WARN_SUSPICIOUS_MOVE = YES;
				CLANG_WARN_UNGUARDED_AVAILABILITY = YES_AGGRESSIVE;
				CLANG_WARN_UNREACHABLE_CODE = YES;
				CLANG_WARN__DUPLICATE_METHOD_MATCH = YES;
				COPY_PHASE_STRIP = NO;
				DEBUG_INFORMATION_FORMAT = dwarf;
				DEVELOPMENT_TEAM = 9LW7Q8LM5Y;
				ENABLE_STRICT_OBJC_MSGSEND = YES;
				ENABLE_TESTABILITY = YES;
				ENABLE_USER_SCRIPT_SANDBOXING = YES;
				GCC_C_LANGUAGE_STANDARD = gnu17;
				GCC_DYNAMIC_NO_PIC = NO;
				GCC_NO_COMMON_BLOCKS = YES;
				GCC_OPTIMIZATION_LEVEL = 0;
				GCC_PREPROCESSOR_DEFINITIONS = (
					"DEBUG=1",
					"$(inherited)",
				);
				GCC_WARN_64_TO_32_BIT_CONVERSION = YES;
				GCC_WARN_ABOUT_RETURN_TYPE = YES_ERROR;
				GCC_WARN_UNDECLARED_SELECTOR = YES;
				GCC_WARN_UNINITIALIZED_AUTOS = YES_AGGRESSIVE;
				GCC_WARN_UNUSED_FUNCTION = YES;
				GCC_WARN_UNUSED_VARIABLE = YES;
				IPHONEOS_DEPLOYMENT_TARGET = 18.5;
				LOCALIZATION_PREFERS_STRING_CATALOGS = YES;
				MTL_ENABLE_DEBUG_INFO = INCLUDE_SOURCE;
				MTL_FAST_MATH = YES;
				ONLY_ACTIVE_ARCH = YES;
				SDKROOT = iphoneos;
				SWIFT_ACTIVE_COMPILATION_CONDITIONS = "DEBUG $(inherited)";
				SWIFT_OPTIMIZATION_LEVEL = "-Onone";
			};
			name = Debug;
		};
		DACDBB792E2D769400832F3A /* Release */ = {
			isa = XCBuildConfiguration;
			buildSettings = {
				ALWAYS_SEARCH_USER_PATHS = NO;
				ASSETCATALOG_COMPILER_GENERATE_SWIFT_ASSET_SYMBOL_EXTENSIONS = YES;
				CLANG_ANALYZER_NONNULL = YES;
				CLANG_ANALYZER_NUMBER_OBJECT_CONVERSION = YES_AGGRESSIVE;
				CLANG_CXX_LANGUAGE_STANDARD = "gnu++20";
				CLANG_ENABLE_MODULES = YES;
				CLANG_ENABLE_OBJC_ARC = YES;
				CLANG_ENABLE_OBJC_WEAK = YES;
				CLANG_WARN_BLOCK_CAPTURE_AUTORELEASING = YES;
				CLANG_WARN_BOOL_CONVERSION = YES;
				CLANG_WARN_COMMA = YES;
				CLANG_WARN_CONSTANT_CONVERSION = YES;
				CLANG_WARN_DEPRECATED_OBJC_IMPLEMENTATIONS = YES;
				CLANG_WARN_DIRECT_OBJC_ISA_USAGE = YES_ERROR;
				CLANG_WARN_DOCUMENTATION_COMMENTS = YES;
				CLANG_WARN_EMPTY_BODY = YES;
				CLANG_WARN_ENUM_CONVERSION = YES;
				CLANG_WARN_INFINITE_RECURSION = YES;
				CLANG_WARN_INT_CONVERSION = YES;
				CLANG_WARN_NON_LITERAL_NULL_CONVERSION = YES;
				CLANG_WARN_OBJC_IMPLICIT_RETAIN_SELF = YES;
				CLANG_WARN_OBJC_LITERAL_CONVERSION = YES;
				CLANG_WARN_OBJC_ROOT_CLASS = YES_ERROR;
				CLANG_WARN_QUOTED_INCLUDE_IN_FRAMEWORK_HEADER = YES;
				CLANG_WARN_RANGE_LOOP_ANALYSIS = YES;
				CLANG_WARN_STRICT_PROTOTYPES = YES;
				CLANG_WARN_SUSPICIOUS_MOVE = YES;
				CLANG_WARN_UNGUARDED_AVAILABILITY = YES_AGGRESSIVE;
				CLANG_WARN_UNREACHABLE_CODE = YES;
				CLANG_WARN__DUPLICATE_METHOD_MATCH = YES;
				COPY_PHASE_STRIP = NO;
				DEBUG_INFORMATION_FORMAT = "dwarf-with-dsym";
				DEVELOPMENT_TEAM = 9LW7Q8LM5Y;
				ENABLE_NS_ASSERTIONS = NO;
				ENABLE_STRICT_OBJC_MSGSEND = YES;
				ENABLE_USER_SCRIPT_SANDBOXING = YES;
				GCC_C_LANGUAGE_STANDARD = gnu17;
				GCC_NO_COMMON_BLOCKS = YES;
				GCC_WARN_64_TO_32_BIT_CONVERSION = YES;
				GCC_WARN_ABOUT_RETURN_TYPE = YES_ERROR;
				GCC_WARN_UNDECLARED_SELECTOR = YES;
				GCC_WARN_UNINITIALIZED_AUTOS = YES_AGGRESSIVE;
				GCC_WARN_UNUSED_FUNCTION = YES;
				GCC_WARN_UNUSED_VARIABLE = YES;
				IPHONEOS_DEPLOYMENT_TARGET = 18.5;
				LOCALIZATION_PREFERS_STRING_CATALOGS = YES;
				MTL_ENABLE_DEBUG_INFO = NO;
				MTL_FAST_MATH = YES;
				SDKROOT = iphoneos;
				SWIFT_COMPILATION_MODE = wholemodule;
				VALIDATE_PRODUCT = YES;
			};
			name = Release;
		};
		DACDBB7B2E2D769400832F3A /* Debug */ = {
			isa = XCBuildConfiguration;
			buildSettings = {
				BUNDLE_LOADER = "$(TEST_HOST)";
				CODE_SIGN_STYLE = Automatic;
				CURRENT_PROJECT_VERSION = 1;
				DEVELOPMENT_TEAM = 9LW7Q8LM5Y;
				GENERATE_INFOPLIST_FILE = YES;
				IPHONEOS_DEPLOYMENT_TARGET = 18.5;
				MARKETING_VERSION = 1.0;
				PRODUCT_BUNDLE_IDENTIFIER = "Mclarenlife.-DYASTests";
				PRODUCT_NAME = "$(TARGET_NAME)";
				SWIFT_EMIT_LOC_STRINGS = NO;
				SWIFT_VERSION = 5.0;
				TARGETED_DEVICE_FAMILY = "1,2";
				TEST_HOST = "$(BUILT_PRODUCTS_DIR)/7DYAS.app/$(BUNDLE_EXECUTABLE_FOLDER_PATH)/7DYAS";
			};
			name = Debug;
		};
		DACDBB7C2E2D769400832F3A /* Release */ = {
			isa = XCBuildConfiguration;
			buildSettings = {
				BUNDLE_LOADER = "$(TEST_HOST)";
				CODE_SIGN_STYLE = Automatic;
				CURRENT_PROJECT_VERSION = 1;
				DEVELOPMENT_TEAM = 9LW7Q8LM5Y;
				GENERATE_INFOPLIST_FILE = YES;
				IPHONEOS_DEPLOYMENT_TARGET = 18.5;
				MARKETING_VERSION = 1.0;
				PRODUCT_BUNDLE_IDENTIFIER = "Mclarenlife.-DYASTests";
				PRODUCT_NAME = "$(TARGET_NAME)";
				SWIFT_EMIT_LOC_STRINGS = NO;
				SWIFT_VERSION = 5.0;
				TARGETED_DEVICE_FAMILY = "1,2";
				TEST_HOST = "$(BUILT_PRODUCTS_DIR)/7DYAS.app/$(BUNDLE_EXECUTABLE_FOLDER_PATH)/7DYAS";
			};
			name = Release;
		};
		DACDBB7E2E2D769400832F3A /* Debug */ = {
			isa = XCBuildConfiguration;
			buildSettings = {
				CODE_SIGN_STYLE = Automatic;
				CURRENT_PROJECT_VERSION = 1;
				DEVELOPMENT_TEAM = 9LW7Q8LM5Y;
				GENERATE_INFOPLIST_FILE = YES;
				MARKETING_VERSION = 1.0;
				PRODUCT_BUNDLE_IDENTIFIER = "Mclarenlife.-DYASUITests";
				PRODUCT_NAME = "$(TARGET_NAME)";
				SWIFT_EMIT_LOC_STRINGS = NO;
				SWIFT_VERSION = 5.0;
				TARGETED_DEVICE_FAMILY = "1,2";
				TEST_TARGET_NAME = 7DYAS;
			};
			name = Debug;
		};
		DACDBB7F2E2D769400832F3A /* Release */ = {
			isa = XCBuildConfiguration;
			buildSettings = {
				CODE_SIGN_STYLE = Automatic;
				CURRENT_PROJECT_VERSION = 1;
				DEVELOPMENT_TEAM = 9LW7Q8LM5Y;
				GENERATE_INFOPLIST_FILE = YES;
				MARKETING_VERSION = 1.0;
				PRODUCT_BUNDLE_IDENTIFIER = "Mclarenlife.-DYASUITests";
				PRODUCT_NAME = "$(TARGET_NAME)";
				SWIFT_EMIT_LOC_STRINGS = NO;
				SWIFT_VERSION = 5.0;
				TARGETED_DEVICE_FAMILY = "1,2";
				TEST_TARGET_NAME = 7DYAS;
			};
			name = Release;
		};
/* End XCBuildConfiguration section */

/* Begin XCConfigurationList section */
		DA8C790A2E33316D00BEB5CE /* Build configuration list for PBXNativeTarget "7DAYS_LiveActivityExtension" */ = {
			isa = XCConfigurationList;
			buildConfigurations = (
				DA8C79082E33316D00BEB5CE /* Debug */,
				DA8C79092E33316D00BEB5CE /* Release */,
			);
			defaultConfigurationIsVisible = 0;
			defaultConfigurationName = Release;
		};
		DACDBB472E2D769300832F3A /* Build configuration list for PBXProject "7DYAS" */ = {
			isa = XCConfigurationList;
			buildConfigurations = (
				DACDBB782E2D769400832F3A /* Debug */,
				DACDBB792E2D769400832F3A /* Release */,
			);
			defaultConfigurationIsVisible = 0;
			defaultConfigurationName = Release;
		};
		DACDBB752E2D769400832F3A /* Build configuration list for PBXNativeTarget "7DYAS" */ = {
			isa = XCConfigurationList;
			buildConfigurations = (
				DACDBB762E2D769400832F3A /* Debug */,
				DACDBB772E2D769400832F3A /* Release */,
			);
			defaultConfigurationIsVisible = 0;
			defaultConfigurationName = Release;
		};
		DACDBB7A2E2D769400832F3A /* Build configuration list for PBXNativeTarget "7DYASTests" */ = {
			isa = XCConfigurationList;
			buildConfigurations = (
				DACDBB7B2E2D769400832F3A /* Debug */,
				DACDBB7C2E2D769400832F3A /* Release */,
			);
			defaultConfigurationIsVisible = 0;
			defaultConfigurationName = Release;
		};
		DACDBB7D2E2D769400832F3A /* Build configuration list for PBXNativeTarget "7DYASUITests" */ = {
			isa = XCConfigurationList;
			buildConfigurations = (
				DACDBB7E2E2D769400832F3A /* Debug */,
				DACDBB7F2E2D769400832F3A /* Release */,
			);
			defaultConfigurationIsVisible = 0;
			defaultConfigurationName = Release;
		};
/* End XCConfigurationList section */
	};
	rootObject = DACDBB442E2D769300832F3A /* Project object */;
}
